
Microsoft Visual Studio Solution File, Format Version 12.00
# Visual Studio 15
VisualStudioVersion = 15.0.27130.2020
MinimumVisualStudioVersion = 10.0.40219.1
Project("{FAE04EC0-301F-11D3-BF4B-00C04F79EFBC}") = "Excellent Result", "Excellent Result\Excellent Result.csproj", "{82B684A0-F3B7-45A1-81B7-BD12848DA97E}"
EndProject
Project("{FAE04EC0-301F-11D3-BF4B-00C04F79EFBC}") = "Excellent or Not", "Excellent or Not\Excellent or Not.csproj", "{7CE848CA-12FF-4E9F-A6FE-FE7258D2895C}"
EndProject
Project("{FAE04EC0-301F-11D3-BF4B-00C04F79EFBC}") = "Even or Odd", "Even or Odd\Even or Odd.csproj", "{9D8E658B-12E2-4FC2-93F0-B01A4DF25EAF}"
EndProject
Project("{FAE04EC0-301F-11D3-BF4B-00C04F79EFBC}") = "Numbers to Text", "Numbers to Text\Numbers to Text.csproj", "{52D43C79-16D2-4624-A5FF-5FC0E3D7A684}"
EndProject
Project("{FAE04EC0-301F-11D3-BF4B-00C04F79EFBC}") = "Small Shop", "Small Shop\Small Shop.csproj", "{64B3ABE8-2EE0-4A64-BFFA-868CD93EB05F}"
EndProject
Project("{FAE04EC0-301F-11D3-BF4B-00C04F79EFBC}") = "Point in Rectangle", "Point in Rectangle\Point in Rectangle.csproj", "{1C88F32F-C848-477F-B0CF-419A74A6795E}"
EndProject
Project("{FAE04EC0-301F-11D3-BF4B-00C04F79EFBC}") = "Fruit or Vegetable", "Fruit or Vegetable\Fruit or Vegetable.csproj", "{D88EF347-DA21-4756-A90C-49E9E933B801}"
EndProject
Project("{FAE04EC0-301F-11D3-BF4B-00C04F79EFBC}") = "Bonus Score", "Bonus Score\Bonus Score.csproj", "{19F979D3-63D6-4BAA-8C9C-93D99C3AD543}"
EndProject
Project("{FAE04EC0-301F-11D3-BF4B-00C04F79EFBC}") = "Metric Convertor", "Metric Convertor\Metric Convertor.csproj", "{C09485B4-C50E-4E6F-9CCB-3B3E88651625}"
EndProject
Project("{FAE04EC0-301F-11D3-BF4B-00C04F79EFBC}") = "Equal Words", "Equal Words\Equal Words.csproj", "{DA236848-7134-4D32-B935-0A1A7AE4A19A}"
EndProject
Project("{FAE04EC0-301F-11D3-BF4B-00C04F79EFBC}") = "Area of Figures", "Area of Figures\Area of Figures.csproj", "{E679BC9F-075A-4222-B6B6-501A408E2576}"
EndProject
Project("{FAE04EC0-301F-11D3-BF4B-00C04F79EFBC}") = "Time + 15 Minutes", "Time + 15 Minutes\Time + 15 Minutes.csproj", "{CAF7E15E-C287-40DE-8C67-45E6EB5B015F}"
EndProject
Project("{FAE04EC0-301F-11D3-BF4B-00C04F79EFBC}") = "Personal Titles", "Personal Titles\Personal Titles.csproj", "{E73D4F7C-A31E-44C3-BDF3-CD0B8FACB75E}"
EndProject
Project("{FAE04EC0-301F-11D3-BF4B-00C04F79EFBC}") = "Point on Rectangle Border", "Point on Rectangle Border\Point on Rectangle Border.csproj", "{74CF60D6-B36C-46EA-9579-D54CBAEE273B}"
EndProject
Project("{FAE04EC0-301F-11D3-BF4B-00C04F79EFBC}") = "Fruit Shop", "Fruit Shop\Fruit Shop.csproj", "{9C6961E0-8F18-4ED8-A6FE-6374E8532361}"
EndProject
Project("{FAE04EC0-301F-11D3-BF4B-00C04F79EFBC}") = "Trade Comissions", "Trade Comissions\Trade Comissions.csproj", "{63FB4525-5307-4959-B146-5D4BCE3AD5DD}"
EndProject
Project("{FAE04EC0-301F-11D3-BF4B-00C04F79EFBC}") = "Cinema", "Cinema\Cinema.csproj", "{77FA1011-FB0B-45DF-A4E1-94897997761D}"
EndProject
Project("{2150E333-8FDC-42A3-9474-1A3956D46DE8}") = "Loops", "Loops", "{DEDF786A-1EE2-453E-912A-693789C94F68}"
EndProject
Project("{FAE04EC0-301F-11D3-BF4B-00C04F79EFBC}") = "Numbers From 1 to 100", "Numbers From 1 to 100\Numbers From 1 to 100.csproj", "{6213125C-9B93-48C3-B679-D28CFBD6ADF5}"
EndProject
Project("{FAE04EC0-301F-11D3-BF4B-00C04F79EFBC}") = "Numbers to 1000 Ending 7", "Numbers to 1000 Ending 7\Numbers to 1000 Ending 7.csproj", "{0D3D1773-174D-41DA-8D0D-B17A3F2992E7}"
EndProject
Project("{FAE04EC0-301F-11D3-BF4B-00C04F79EFBC}") = "Sum Numbers", "Sum Numbers\Sum Numbers.csproj", "{E5788348-D433-4805-ADC1-FC8CC72CFE91}"
EndProject
Project("{FAE04EC0-301F-11D3-BF4B-00C04F79EFBC}") = "Max Number", "Max Number\Max Number.csproj", "{0D45859C-CBC6-4FB7-AD93-DBE7A60BAD92}"
EndProject
Project("{FAE04EC0-301F-11D3-BF4B-00C04F79EFBC}") = "Left and Right Sum", "Left and Right Sum\Left and Right Sum.csproj", "{21CD5642-C218-4EA6-907C-8C3E031EE8B8}"
EndProject
Project("{FAE04EC0-301F-11D3-BF4B-00C04F79EFBC}") = "Numbers with Step 3", "Numbers with Step 3\Numbers with Step 3.csproj", "{1EB5B87C-594D-4012-87F7-762827CEA3C2}"
EndProject
Project("{FAE04EC0-301F-11D3-BF4B-00C04F79EFBC}") = "Numbers from N to 1", "Numbers from N to 1\Numbers from N to 1.csproj", "{82FF6D89-F2F8-4A49-9462-89BAF3F96511}"
EndProject
Project("{FAE04EC0-301F-11D3-BF4B-00C04F79EFBC}") = "Numbers from 2^0 to 2^N", "Numbers from 2^0 to 2^N\Numbers from 2^0 to 2^N.csproj", "{41076AAC-7AE4-4CF8-94E0-2E33FEA262D4}"
EndProject
Project("{FAE04EC0-301F-11D3-BF4B-00C04F79EFBC}") = "Sequence 2k + 1", "Sequence 2k + 1\Sequence 2k + 1.csproj", "{E3A5CCD0-BAE6-451F-ADA7-571C7D901E77}"
EndProject
Project("{FAE04EC0-301F-11D3-BF4B-00C04F79EFBC}") = "Factorial", "Factorial\Factorial.csproj", "{BF83C91A-2C12-4E8C-BB18-4DA701E60A9F}"
EndProject
Project("{FAE04EC0-301F-11D3-BF4B-00C04F79EFBC}") = "Sum Digits of a Number", "Sum Digits of a Number\Sum Digits of a Number.csproj", "{76AAA902-AEE6-49D3-9FBA-6170537A50AA}"
EndProject
Project("{FAE04EC0-301F-11D3-BF4B-00C04F79EFBC}") = "Latin Letters", "Latin Letters\Latin Letters.csproj", "{ADA80626-A5C8-474F-A6FC-080320D1D756}"
EndProject
Project("{FAE04EC0-301F-11D3-BF4B-00C04F79EFBC}") = "Min Number", "Min Number\Min Number.csproj", "{D42D96F1-5D46-4A38-ABCF-249341D8B28F}"
EndProject
Project("{FAE04EC0-301F-11D3-BF4B-00C04F79EFBC}") = "Even or Odd Sum", "Even or Odd Sum\Even or Odd Sum.csproj", "{31398584-89DA-4F35-ABB9-1159C27D024E}"
EndProject
Project("{FAE04EC0-301F-11D3-BF4B-00C04F79EFBC}") = "Equal Pairs", "Equal Pairs\Equal Pairs.csproj", "{61C0203B-DD0E-4C8E-8216-E93C4F410F03}"
EndProject
Project("{FAE04EC0-301F-11D3-BF4B-00C04F79EFBC}") = "Number Pyramid", "Number Pyramid\Number Pyramid.csproj", "{276BFE99-00EC-4926-A275-07305FBB69B9}"
EndProject
Project("{FAE04EC0-301F-11D3-BF4B-00C04F79EFBC}") = "Check Prime Number", "Check Prime Number\Check Prime Number.csproj", "{85A2A7D2-4BBA-4FF8-9795-0D954F51DCCA}"
EndProject
Project("{FAE04EC0-301F-11D3-BF4B-00C04F79EFBC}") = "Number Table", "Number Table\Number Table.csproj", "{F59CE156-C2CC-4DBB-82DD-E43F9528B454}"
EndProject
Global
	GlobalSection(SolutionConfigurationPlatforms) = preSolution
		Debug|Any CPU = Debug|Any CPU
		Release|Any CPU = Release|Any CPU
	EndGlobalSection
	GlobalSection(ProjectConfigurationPlatforms) = postSolution
		{82B684A0-F3B7-45A1-81B7-BD12848DA97E}.Debug|Any CPU.ActiveCfg = Debug|Any CPU
		{82B684A0-F3B7-45A1-81B7-BD12848DA97E}.Debug|Any CPU.Build.0 = Debug|Any CPU
		{82B684A0-F3B7-45A1-81B7-BD12848DA97E}.Release|Any CPU.ActiveCfg = Release|Any CPU
		{82B684A0-F3B7-45A1-81B7-BD12848DA97E}.Release|Any CPU.Build.0 = Release|Any CPU
		{7CE848CA-12FF-4E9F-A6FE-FE7258D2895C}.Debug|Any CPU.ActiveCfg = Debug|Any CPU
		{7CE848CA-12FF-4E9F-A6FE-FE7258D2895C}.Debug|Any CPU.Build.0 = Debug|Any CPU
		{7CE848CA-12FF-4E9F-A6FE-FE7258D2895C}.Release|Any CPU.ActiveCfg = Release|Any CPU
		{7CE848CA-12FF-4E9F-A6FE-FE7258D2895C}.Release|Any CPU.Build.0 = Release|Any CPU
		{9D8E658B-12E2-4FC2-93F0-B01A4DF25EAF}.Debug|Any CPU.ActiveCfg = Debug|Any CPU
		{9D8E658B-12E2-4FC2-93F0-B01A4DF25EAF}.Debug|Any CPU.Build.0 = Debug|Any CPU
		{9D8E658B-12E2-4FC2-93F0-B01A4DF25EAF}.Release|Any CPU.ActiveCfg = Release|Any CPU
		{9D8E658B-12E2-4FC2-93F0-B01A4DF25EAF}.Release|Any CPU.Build.0 = Release|Any CPU
		{52D43C79-16D2-4624-A5FF-5FC0E3D7A684}.Debug|Any CPU.ActiveCfg = Debug|Any CPU
		{52D43C79-16D2-4624-A5FF-5FC0E3D7A684}.Debug|Any CPU.Build.0 = Debug|Any CPU
		{52D43C79-16D2-4624-A5FF-5FC0E3D7A684}.Release|Any CPU.ActiveCfg = Release|Any CPU
		{52D43C79-16D2-4624-A5FF-5FC0E3D7A684}.Release|Any CPU.Build.0 = Release|Any CPU
		{64B3ABE8-2EE0-4A64-BFFA-868CD93EB05F}.Debug|Any CPU.ActiveCfg = Debug|Any CPU
		{64B3ABE8-2EE0-4A64-BFFA-868CD93EB05F}.Debug|Any CPU.Build.0 = Debug|Any CPU
		{64B3ABE8-2EE0-4A64-BFFA-868CD93EB05F}.Release|Any CPU.ActiveCfg = Release|Any CPU
		{64B3ABE8-2EE0-4A64-BFFA-868CD93EB05F}.Release|Any CPU.Build.0 = Release|Any CPU
		{1C88F32F-C848-477F-B0CF-419A74A6795E}.Debug|Any CPU.ActiveCfg = Debug|Any CPU
		{1C88F32F-C848-477F-B0CF-419A74A6795E}.Debug|Any CPU.Build.0 = Debug|Any CPU
		{1C88F32F-C848-477F-B0CF-419A74A6795E}.Release|Any CPU.ActiveCfg = Release|Any CPU
		{1C88F32F-C848-477F-B0CF-419A74A6795E}.Release|Any CPU.Build.0 = Release|Any CPU
		{D88EF347-DA21-4756-A90C-49E9E933B801}.Debug|Any CPU.ActiveCfg = Debug|Any CPU
		{D88EF347-DA21-4756-A90C-49E9E933B801}.Debug|Any CPU.Build.0 = Debug|Any CPU
		{D88EF347-DA21-4756-A90C-49E9E933B801}.Release|Any CPU.ActiveCfg = Release|Any CPU
		{D88EF347-DA21-4756-A90C-49E9E933B801}.Release|Any CPU.Build.0 = Release|Any CPU
		{19F979D3-63D6-4BAA-8C9C-93D99C3AD543}.Debug|Any CPU.ActiveCfg = Debug|Any CPU
		{19F979D3-63D6-4BAA-8C9C-93D99C3AD543}.Debug|Any CPU.Build.0 = Debug|Any CPU
		{19F979D3-63D6-4BAA-8C9C-93D99C3AD543}.Release|Any CPU.ActiveCfg = Release|Any CPU
		{19F979D3-63D6-4BAA-8C9C-93D99C3AD543}.Release|Any CPU.Build.0 = Release|Any CPU
		{C09485B4-C50E-4E6F-9CCB-3B3E88651625}.Debug|Any CPU.ActiveCfg = Debug|Any CPU
		{C09485B4-C50E-4E6F-9CCB-3B3E88651625}.Debug|Any CPU.Build.0 = Debug|Any CPU
		{C09485B4-C50E-4E6F-9CCB-3B3E88651625}.Release|Any CPU.ActiveCfg = Release|Any CPU
		{C09485B4-C50E-4E6F-9CCB-3B3E88651625}.Release|Any CPU.Build.0 = Release|Any CPU
		{DA236848-7134-4D32-B935-0A1A7AE4A19A}.Debug|Any CPU.ActiveCfg = Debug|Any CPU
		{DA236848-7134-4D32-B935-0A1A7AE4A19A}.Debug|Any CPU.Build.0 = Debug|Any CPU
		{DA236848-7134-4D32-B935-0A1A7AE4A19A}.Release|Any CPU.ActiveCfg = Release|Any CPU
		{DA236848-7134-4D32-B935-0A1A7AE4A19A}.Release|Any CPU.Build.0 = Release|Any CPU
		{E679BC9F-075A-4222-B6B6-501A408E2576}.Debug|Any CPU.ActiveCfg = Debug|Any CPU
		{E679BC9F-075A-4222-B6B6-501A408E2576}.Debug|Any CPU.Build.0 = Debug|Any CPU
		{E679BC9F-075A-4222-B6B6-501A408E2576}.Release|Any CPU.ActiveCfg = Release|Any CPU
		{E679BC9F-075A-4222-B6B6-501A408E2576}.Release|Any CPU.Build.0 = Release|Any CPU
		{CAF7E15E-C287-40DE-8C67-45E6EB5B015F}.Debug|Any CPU.ActiveCfg = Debug|Any CPU
		{CAF7E15E-C287-40DE-8C67-45E6EB5B015F}.Debug|Any CPU.Build.0 = Debug|Any CPU
		{CAF7E15E-C287-40DE-8C67-45E6EB5B015F}.Release|Any CPU.ActiveCfg = Release|Any CPU
		{CAF7E15E-C287-40DE-8C67-45E6EB5B015F}.Release|Any CPU.Build.0 = Release|Any CPU
		{E73D4F7C-A31E-44C3-BDF3-CD0B8FACB75E}.Debug|Any CPU.ActiveCfg = Debug|Any CPU
		{E73D4F7C-A31E-44C3-BDF3-CD0B8FACB75E}.Debug|Any CPU.Build.0 = Debug|Any CPU
		{E73D4F7C-A31E-44C3-BDF3-CD0B8FACB75E}.Release|Any CPU.ActiveCfg = Release|Any CPU
		{E73D4F7C-A31E-44C3-BDF3-CD0B8FACB75E}.Release|Any CPU.Build.0 = Release|Any CPU
		{74CF60D6-B36C-46EA-9579-D54CBAEE273B}.Debug|Any CPU.ActiveCfg = Debug|Any CPU
		{74CF60D6-B36C-46EA-9579-D54CBAEE273B}.Debug|Any CPU.Build.0 = Debug|Any CPU
		{74CF60D6-B36C-46EA-9579-D54CBAEE273B}.Release|Any CPU.ActiveCfg = Release|Any CPU
		{74CF60D6-B36C-46EA-9579-D54CBAEE273B}.Release|Any CPU.Build.0 = Release|Any CPU
		{9C6961E0-8F18-4ED8-A6FE-6374E8532361}.Debug|Any CPU.ActiveCfg = Debug|Any CPU
		{9C6961E0-8F18-4ED8-A6FE-6374E8532361}.Debug|Any CPU.Build.0 = Debug|Any CPU
		{9C6961E0-8F18-4ED8-A6FE-6374E8532361}.Release|Any CPU.ActiveCfg = Release|Any CPU
		{9C6961E0-8F18-4ED8-A6FE-6374E8532361}.Release|Any CPU.Build.0 = Release|Any CPU
		{63FB4525-5307-4959-B146-5D4BCE3AD5DD}.Debug|Any CPU.ActiveCfg = Debug|Any CPU
		{63FB4525-5307-4959-B146-5D4BCE3AD5DD}.Debug|Any CPU.Build.0 = Debug|Any CPU
		{63FB4525-5307-4959-B146-5D4BCE3AD5DD}.Release|Any CPU.ActiveCfg = Release|Any CPU
		{63FB4525-5307-4959-B146-5D4BCE3AD5DD}.Release|Any CPU.Build.0 = Release|Any CPU
		{77FA1011-FB0B-45DF-A4E1-94897997761D}.Debug|Any CPU.ActiveCfg = Debug|Any CPU
		{77FA1011-FB0B-45DF-A4E1-94897997761D}.Debug|Any CPU.Build.0 = Debug|Any CPU
		{77FA1011-FB0B-45DF-A4E1-94897997761D}.Release|Any CPU.ActiveCfg = Release|Any CPU
		{77FA1011-FB0B-45DF-A4E1-94897997761D}.Release|Any CPU.Build.0 = Release|Any CPU
		{6213125C-9B93-48C3-B679-D28CFBD6ADF5}.Debug|Any CPU.ActiveCfg = Debug|Any CPU
		{6213125C-9B93-48C3-B679-D28CFBD6ADF5}.Debug|Any CPU.Build.0 = Debug|Any CPU
		{6213125C-9B93-48C3-B679-D28CFBD6ADF5}.Release|Any CPU.ActiveCfg = Release|Any CPU
		{6213125C-9B93-48C3-B679-D28CFBD6ADF5}.Release|Any CPU.Build.0 = Release|Any CPU
		{0D3D1773-174D-41DA-8D0D-B17A3F2992E7}.Debug|Any CPU.ActiveCfg = Debug|Any CPU
		{0D3D1773-174D-41DA-8D0D-B17A3F2992E7}.Debug|Any CPU.Build.0 = Debug|Any CPU
		{0D3D1773-174D-41DA-8D0D-B17A3F2992E7}.Release|Any CPU.ActiveCfg = Release|Any CPU
		{0D3D1773-174D-41DA-8D0D-B17A3F2992E7}.Release|Any CPU.Build.0 = Release|Any CPU
		{E5788348-D433-4805-ADC1-FC8CC72CFE91}.Debug|Any CPU.ActiveCfg = Debug|Any CPU
		{E5788348-D433-4805-ADC1-FC8CC72CFE91}.Debug|Any CPU.Build.0 = Debug|Any CPU
		{E5788348-D433-4805-ADC1-FC8CC72CFE91}.Release|Any CPU.ActiveCfg = Release|Any CPU
		{E5788348-D433-4805-ADC1-FC8CC72CFE91}.Release|Any CPU.Build.0 = Release|Any CPU
		{0D45859C-CBC6-4FB7-AD93-DBE7A60BAD92}.Debug|Any CPU.ActiveCfg = Debug|Any CPU
		{0D45859C-CBC6-4FB7-AD93-DBE7A60BAD92}.Debug|Any CPU.Build.0 = Debug|Any CPU
		{0D45859C-CBC6-4FB7-AD93-DBE7A60BAD92}.Release|Any CPU.ActiveCfg = Release|Any CPU
		{0D45859C-CBC6-4FB7-AD93-DBE7A60BAD92}.Release|Any CPU.Build.0 = Release|Any CPU
		{21CD5642-C218-4EA6-907C-8C3E031EE8B8}.Debug|Any CPU.ActiveCfg = Debug|Any CPU
		{21CD5642-C218-4EA6-907C-8C3E031EE8B8}.Debug|Any CPU.Build.0 = Debug|Any CPU
		{21CD5642-C218-4EA6-907C-8C3E031EE8B8}.Release|Any CPU.ActiveCfg = Release|Any CPU
		{21CD5642-C218-4EA6-907C-8C3E031EE8B8}.Release|Any CPU.Build.0 = Release|Any CPU
		{1EB5B87C-594D-4012-87F7-762827CEA3C2}.Debug|Any CPU.ActiveCfg = Debug|Any CPU
		{1EB5B87C-594D-4012-87F7-762827CEA3C2}.Debug|Any CPU.Build.0 = Debug|Any CPU
		{1EB5B87C-594D-4012-87F7-762827CEA3C2}.Release|Any CPU.ActiveCfg = Release|Any CPU
		{1EB5B87C-594D-4012-87F7-762827CEA3C2}.Release|Any CPU.Build.0 = Release|Any CPU
		{82FF6D89-F2F8-4A49-9462-89BAF3F96511}.Debug|Any CPU.ActiveCfg = Debug|Any CPU
		{82FF6D89-F2F8-4A49-9462-89BAF3F96511}.Debug|Any CPU.Build.0 = Debug|Any CPU
		{82FF6D89-F2F8-4A49-9462-89BAF3F96511}.Release|Any CPU.ActiveCfg = Release|Any CPU
		{82FF6D89-F2F8-4A49-9462-89BAF3F96511}.Release|Any CPU.Build.0 = Release|Any CPU
		{41076AAC-7AE4-4CF8-94E0-2E33FEA262D4}.Debug|Any CPU.ActiveCfg = Debug|Any CPU
		{41076AAC-7AE4-4CF8-94E0-2E33FEA262D4}.Debug|Any CPU.Build.0 = Debug|Any CPU
		{41076AAC-7AE4-4CF8-94E0-2E33FEA262D4}.Release|Any CPU.ActiveCfg = Release|Any CPU
		{41076AAC-7AE4-4CF8-94E0-2E33FEA262D4}.Release|Any CPU.Build.0 = Release|Any CPU
		{E3A5CCD0-BAE6-451F-ADA7-571C7D901E77}.Debug|Any CPU.ActiveCfg = Debug|Any CPU
		{E3A5CCD0-BAE6-451F-ADA7-571C7D901E77}.Debug|Any CPU.Build.0 = Debug|Any CPU
		{E3A5CCD0-BAE6-451F-ADA7-571C7D901E77}.Release|Any CPU.ActiveCfg = Release|Any CPU
		{E3A5CCD0-BAE6-451F-ADA7-571C7D901E77}.Release|Any CPU.Build.0 = Release|Any CPU
		{BF83C91A-2C12-4E8C-BB18-4DA701E60A9F}.Debug|Any CPU.ActiveCfg = Debug|Any CPU
		{BF83C91A-2C12-4E8C-BB18-4DA701E60A9F}.Debug|Any CPU.Build.0 = Debug|Any CPU
		{BF83C91A-2C12-4E8C-BB18-4DA701E60A9F}.Release|Any CPU.ActiveCfg = Release|Any CPU
		{BF83C91A-2C12-4E8C-BB18-4DA701E60A9F}.Release|Any CPU.Build.0 = Release|Any CPU
		{76AAA902-AEE6-49D3-9FBA-6170537A50AA}.Debug|Any CPU.ActiveCfg = Debug|Any CPU
		{76AAA902-AEE6-49D3-9FBA-6170537A50AA}.Debug|Any CPU.Build.0 = Debug|Any CPU
		{76AAA902-AEE6-49D3-9FBA-6170537A50AA}.Release|Any CPU.ActiveCfg = Release|Any CPU
		{76AAA902-AEE6-49D3-9FBA-6170537A50AA}.Release|Any CPU.Build.0 = Release|Any CPU
		{ADA80626-A5C8-474F-A6FC-080320D1D756}.Debug|Any CPU.ActiveCfg = Debug|Any CPU
		{ADA80626-A5C8-474F-A6FC-080320D1D756}.Debug|Any CPU.Build.0 = Debug|Any CPU
		{ADA80626-A5C8-474F-A6FC-080320D1D756}.Release|Any CPU.ActiveCfg = Release|Any CPU
		{ADA80626-A5C8-474F-A6FC-080320D1D756}.Release|Any CPU.Build.0 = Release|Any CPU
		{D42D96F1-5D46-4A38-ABCF-249341D8B28F}.Debug|Any CPU.ActiveCfg = Debug|Any CPU
		{D42D96F1-5D46-4A38-ABCF-249341D8B28F}.Debug|Any CPU.Build.0 = Debug|Any CPU
		{D42D96F1-5D46-4A38-ABCF-249341D8B28F}.Release|Any CPU.ActiveCfg = Release|Any CPU
		{D42D96F1-5D46-4A38-ABCF-249341D8B28F}.Release|Any CPU.Build.0 = Release|Any CPU
		{31398584-89DA-4F35-ABB9-1159C27D024E}.Debug|Any CPU.ActiveCfg = Debug|Any CPU
		{31398584-89DA-4F35-ABB9-1159C27D024E}.Debug|Any CPU.Build.0 = Debug|Any CPU
		{31398584-89DA-4F35-ABB9-1159C27D024E}.Release|Any CPU.ActiveCfg = Release|Any CPU
		{31398584-89DA-4F35-ABB9-1159C27D024E}.Release|Any CPU.Build.0 = Release|Any CPU
		{61C0203B-DD0E-4C8E-8216-E93C4F410F03}.Debug|Any CPU.ActiveCfg = Debug|Any CPU
		{61C0203B-DD0E-4C8E-8216-E93C4F410F03}.Debug|Any CPU.Build.0 = Debug|Any CPU
		{61C0203B-DD0E-4C8E-8216-E93C4F410F03}.Release|Any CPU.ActiveCfg = Release|Any CPU
		{61C0203B-DD0E-4C8E-8216-E93C4F410F03}.Release|Any CPU.Build.0 = Release|Any CPU
		{276BFE99-00EC-4926-A275-07305FBB69B9}.Debug|Any CPU.ActiveCfg = Debug|Any CPU
		{276BFE99-00EC-4926-A275-07305FBB69B9}.Debug|Any CPU.Build.0 = Debug|Any CPU
		{276BFE99-00EC-4926-A275-07305FBB69B9}.Release|Any CPU.ActiveCfg = Release|Any CPU
		{276BFE99-00EC-4926-A275-07305FBB69B9}.Release|Any CPU.Build.0 = Release|Any CPU
		{85A2A7D2-4BBA-4FF8-9795-0D954F51DCCA}.Debug|Any CPU.ActiveCfg = Debug|Any CPU
		{85A2A7D2-4BBA-4FF8-9795-0D954F51DCCA}.Debug|Any CPU.Build.0 = Debug|Any CPU
		{85A2A7D2-4BBA-4FF8-9795-0D954F51DCCA}.Release|Any CPU.ActiveCfg = Release|Any CPU
		{85A2A7D2-4BBA-4FF8-9795-0D954F51DCCA}.Release|Any CPU.Build.0 = Release|Any CPU
		{F59CE156-C2CC-4DBB-82DD-E43F9528B454}.Debug|Any CPU.ActiveCfg = Debug|Any CPU
		{F59CE156-C2CC-4DBB-82DD-E43F9528B454}.Debug|Any CPU.Build.0 = Debug|Any CPU
		{F59CE156-C2CC-4DBB-82DD-E43F9528B454}.Release|Any CPU.ActiveCfg = Release|Any CPU
		{F59CE156-C2CC-4DBB-82DD-E43F9528B454}.Release|Any CPU.Build.0 = Release|Any CPU
	EndGlobalSection
	GlobalSection(SolutionProperties) = preSolution
		HideSolutionNode = FALSE
	EndGlobalSection
	GlobalSection(NestedProjects) = preSolution
		{6213125C-9B93-48C3-B679-D28CFBD6ADF5} = {DEDF786A-1EE2-453E-912A-693789C94F68}
		{0D3D1773-174D-41DA-8D0D-B17A3F2992E7} = {DEDF786A-1EE2-453E-912A-693789C94F68}
		{E5788348-D433-4805-ADC1-FC8CC72CFE91} = {DEDF786A-1EE2-453E-912A-693789C94F68}
		{0D45859C-CBC6-4FB7-AD93-DBE7A60BAD92} = {DEDF786A-1EE2-453E-912A-693789C94F68}
		{21CD5642-C218-4EA6-907C-8C3E031EE8B8} = {DEDF786A-1EE2-453E-912A-693789C94F68}
		{1EB5B87C-594D-4012-87F7-762827CEA3C2} = {DEDF786A-1EE2-453E-912A-693789C94F68}
		{82FF6D89-F2F8-4A49-9462-89BAF3F96511} = {DEDF786A-1EE2-453E-912A-693789C94F68}
		{41076AAC-7AE4-4CF8-94E0-2E33FEA262D4} = {DEDF786A-1EE2-453E-912A-693789C94F68}
		{E3A5CCD0-BAE6-451F-ADA7-571C7D901E77} = {DEDF786A-1EE2-453E-912A-693789C94F68}
		{BF83C91A-2C12-4E8C-BB18-4DA701E60A9F} = {DEDF786A-1EE2-453E-912A-693789C94F68}
		{76AAA902-AEE6-49D3-9FBA-6170537A50AA} = {DEDF786A-1EE2-453E-912A-693789C94F68}
		{ADA80626-A5C8-474F-A6FC-080320D1D756} = {DEDF786A-1EE2-453E-912A-693789C94F68}
		{D42D96F1-5D46-4A38-ABCF-249341D8B28F} = {DEDF786A-1EE2-453E-912A-693789C94F68}
		{31398584-89DA-4F35-ABB9-1159C27D024E} = {DEDF786A-1EE2-453E-912A-693789C94F68}
		{61C0203B-DD0E-4C8E-8216-E93C4F410F03} = {DEDF786A-1EE2-453E-912A-693789C94F68}
		{276BFE99-00EC-4926-A275-07305FBB69B9} = {DEDF786A-1EE2-453E-912A-693789C94F68}
		{85A2A7D2-4BBA-4FF8-9795-0D954F51DCCA} = {DEDF786A-1EE2-453E-912A-693789C94F68}
		{F59CE156-C2CC-4DBB-82DD-E43F9528B454} = {DEDF786A-1EE2-453E-912A-693789C94F68}
	EndGlobalSection
	GlobalSection(ExtensibilityGlobals) = postSolution
		SolutionGuid = {1FAE78F1-1E62-4768-B060-36A8D6E9D867}
	EndGlobalSection
EndGlobal
