
Microsoft Visual Studio Solution File, Format Version 12.00
# Visual Studio 15
VisualStudioVersion = 15.0.27130.2020
MinimumVisualStudioVersion = 10.0.40219.1
Project("{FAE04EC0-301F-11D3-BF4B-00C04F79EFBC}") = "Count Real Numbers", "Count Real Numbers\Count Real Numbers.csproj", "{854FD5AF-76B6-4D0A-A9D7-EBDBE030E877}"
EndProject
Project("{FAE04EC0-301F-11D3-BF4B-00C04F79EFBC}") = "Odd Occurrences", "Odd Occurence\Odd Occurrences.csproj", "{8682EBBC-E8E8-40D8-8FF2-68075FE2A803}"
EndProject
Project("{FAE04EC0-301F-11D3-BF4B-00C04F79EFBC}") = "Phonebook", "Phonebook\Phonebook.csproj", "{9213933D-A5C3-431E-8324-CFC0E32CF7F9}"
EndProject
Project("{FAE04EC0-301F-11D3-BF4B-00C04F79EFBC}") = "Phonebook Upgrade", "Phonebook Upgrade\Phonebook Upgrade.csproj", "{B5E47E65-F0BA-422F-AA89-13E60D37CE63}"
EndProject
Project("{FAE04EC0-301F-11D3-BF4B-00C04F79EFBC}") = "Miner Task", "Miner Task\Miner Task.csproj", "{B44D776A-BADF-4F95-A15E-AB6CE5B2EC8D}"
EndProject
Project("{FAE04EC0-301F-11D3-BF4B-00C04F79EFBC}") = "Fix Emails", "Fix Emails\Fix Emails.csproj", "{40EB5BD4-5DD2-4F31-BDDC-5CC9342ABBD3}"
EndProject
Project("{FAE04EC0-301F-11D3-BF4B-00C04F79EFBC}") = "Hands of Cards", "Hands of Cards\Hands of Cards.csproj", "{C413C1CB-2EBE-4784-9CFA-4327CC9EEEA4}"
EndProject
Global
	GlobalSection(SolutionConfigurationPlatforms) = preSolution
		Debug|Any CPU = Debug|Any CPU
		Release|Any CPU = Release|Any CPU
	EndGlobalSection
	GlobalSection(ProjectConfigurationPlatforms) = postSolution
		{854FD5AF-76B6-4D0A-A9D7-EBDBE030E877}.Debug|Any CPU.ActiveCfg = Debug|Any CPU
		{854FD5AF-76B6-4D0A-A9D7-EBDBE030E877}.Debug|Any CPU.Build.0 = Debug|Any CPU
		{854FD5AF-76B6-4D0A-A9D7-EBDBE030E877}.Release|Any CPU.ActiveCfg = Release|Any CPU
		{854FD5AF-76B6-4D0A-A9D7-EBDBE030E877}.Release|Any CPU.Build.0 = Release|Any CPU
		{8682EBBC-E8E8-40D8-8FF2-68075FE2A803}.Debug|Any CPU.ActiveCfg = Debug|Any CPU
		{8682EBBC-E8E8-40D8-8FF2-68075FE2A803}.Debug|Any CPU.Build.0 = Debug|Any CPU
		{8682EBBC-E8E8-40D8-8FF2-68075FE2A803}.Release|Any CPU.ActiveCfg = Release|Any CPU
		{8682EBBC-E8E8-40D8-8FF2-68075FE2A803}.Release|Any CPU.Build.0 = Release|Any CPU
		{9213933D-A5C3-431E-8324-CFC0E32CF7F9}.Debug|Any CPU.ActiveCfg = Debug|Any CPU
		{9213933D-A5C3-431E-8324-CFC0E32CF7F9}.Debug|Any CPU.Build.0 = Debug|Any CPU
		{9213933D-A5C3-431E-8324-CFC0E32CF7F9}.Release|Any CPU.ActiveCfg = Release|Any CPU
		{9213933D-A5C3-431E-8324-CFC0E32CF7F9}.Release|Any CPU.Build.0 = Release|Any CPU
		{B5E47E65-F0BA-422F-AA89-13E60D37CE63}.Debug|Any CPU.ActiveCfg = Debug|Any CPU
		{B5E47E65-F0BA-422F-AA89-13E60D37CE63}.Debug|Any CPU.Build.0 = Debug|Any CPU
		{B5E47E65-F0BA-422F-AA89-13E60D37CE63}.Release|Any CPU.ActiveCfg = Release|Any CPU
		{B5E47E65-F0BA-422F-AA89-13E60D37CE63}.Release|Any CPU.Build.0 = Release|Any CPU
		{B44D776A-BADF-4F95-A15E-AB6CE5B2EC8D}.Debug|Any CPU.ActiveCfg = Debug|Any CPU
		{B44D776A-BADF-4F95-A15E-AB6CE5B2EC8D}.Debug|Any CPU.Build.0 = Debug|Any CPU
		{B44D776A-BADF-4F95-A15E-AB6CE5B2EC8D}.Release|Any CPU.ActiveCfg = Release|Any CPU
		{B44D776A-BADF-4F95-A15E-AB6CE5B2EC8D}.Release|Any CPU.Build.0 = Release|Any CPU
		{40EB5BD4-5DD2-4F31-BDDC-5CC9342ABBD3}.Debug|Any CPU.ActiveCfg = Debug|Any CPU
		{40EB5BD4-5DD2-4F31-BDDC-5CC9342ABBD3}.Debug|Any CPU.Build.0 = Debug|Any CPU
		{40EB5BD4-5DD2-4F31-BDDC-5CC9342ABBD3}.Release|Any CPU.ActiveCfg = Release|Any CPU
		{40EB5BD4-5DD2-4F31-BDDC-5CC9342ABBD3}.Release|Any CPU.Build.0 = Release|Any CPU
		{C413C1CB-2EBE-4784-9CFA-4327CC9EEEA4}.Debug|Any CPU.ActiveCfg = Debug|Any CPU
		{C413C1CB-2EBE-4784-9CFA-4327CC9EEEA4}.Debug|Any CPU.Build.0 = Debug|Any CPU
		{C413C1CB-2EBE-4784-9CFA-4327CC9EEEA4}.Release|Any CPU.ActiveCfg = Release|Any CPU
		{C413C1CB-2EBE-4784-9CFA-4327CC9EEEA4}.Release|Any CPU.Build.0 = Release|Any CPU
	EndGlobalSection
	GlobalSection(SolutionProperties) = preSolution
		HideSolutionNode = FALSE
	EndGlobalSection
	GlobalSection(ExtensibilityGlobals) = postSolution
		SolutionGuid = {5D7DE091-3281-46F2-B0A3-A4CBA6A5C8D2}
	EndGlobalSection
EndGlobal
